// !$*UTF8*$!
{
	archiveVersion = 1;
	classes = {
	};
	objectVersion = 56;
	objects = {

/* Begin PBXBuildFile section */
		5B02978E2B670ECA00A648EB /* LaunchScreen.storyboard in Resources */ = {isa = PBXBuildFile; fileRef = 5B02978D2B670ECA00A648EB /* LaunchScreen.storyboard */; };
		5B0297952B671E5700A648EB /* TestsBundle.swift in Sources */ = {isa = PBXBuildFile; fileRef = 5B0297942B671E5700A648EB /* TestsBundle.swift */; };
		5B0297972B671E6D00A648EB /* URLSession+.swift in Sources */ = {isa = PBXBuildFile; fileRef = 5B0297962B671E6D00A648EB /* URLSession+.swift */; };
		5B0297992B671E7900A648EB /* MockURLProtocol.swift in Sources */ = {isa = PBXBuildFile; fileRef = 5B0297982B671E7900A648EB /* MockURLProtocol.swift */; };
		5B02979B2B671E9700A648EB /* Bundle+.swift in Sources */ = {isa = PBXBuildFile; fileRef = 5B02979A2B671E9700A648EB /* Bundle+.swift */; };
		5B02979D2B671F0F00A648EB /* StubsType.swift in Sources */ = {isa = PBXBuildFile; fileRef = 5B02979C2B671F0F00A648EB /* StubsType.swift */; };
		5B0297A02B67232300A648EB /* APIPokemonResponse.json in Resources */ = {isa = PBXBuildFile; fileRef = 5B02979F2B67232300A648EB /* APIPokemonResponse.json */; };
		5B0297A22B67A33700A648EB /* MockError.swift in Sources */ = {isa = PBXBuildFile; fileRef = 5B0297A12B67A33700A648EB /* MockError.swift */; };
		5B0297A42B67A40B00A648EB /* PokemonDetailServiceTests.swift in Sources */ = {isa = PBXBuildFile; fileRef = 5B0297A32B67A40B00A648EB /* PokemonDetailServiceTests.swift */; };
		5B0297A62B67A73400A648EB /* APIPokemonDetail.json in Resources */ = {isa = PBXBuildFile; fileRef = 5B0297A52B67A73400A648EB /* APIPokemonDetail.json */; };
		5B0297AB2B67A98200A648EB /* PokemonListServiceMock.swift in Sources */ = {isa = PBXBuildFile; fileRef = 5B0297AA2B67A98200A648EB /* PokemonListServiceMock.swift */; };
		5B0297AE2B67AA0E00A648EB /* PokemonListRepositoryTests.swift in Sources */ = {isa = PBXBuildFile; fileRef = 5B0297AD2B67AA0E00A648EB /* PokemonListRepositoryTests.swift */; };
		5B0297B12B67ADF900A648EB /* APIPokemonResponse+Dummy.swift in Sources */ = {isa = PBXBuildFile; fileRef = 5B0297B02B67ADF900A648EB /* APIPokemonResponse+Dummy.swift */; };
		5B0297B32B67B23E00A648EB /* PokemonDetailServiceMock.swift in Sources */ = {isa = PBXBuildFile; fileRef = 5B0297B22B67B23E00A648EB /* PokemonDetailServiceMock.swift */; };
		5B0297B52B67B2DB00A648EB /* PokemonDetailRepositoryTests.swift in Sources */ = {isa = PBXBuildFile; fileRef = 5B0297B42B67B2DB00A648EB /* PokemonDetailRepositoryTests.swift */; };
		5B0297B72B67B7E700A648EB /* APIPokemonDetail+Dummy.swift in Sources */ = {isa = PBXBuildFile; fileRef = 5B0297B62B67B7E700A648EB /* APIPokemonDetail+Dummy.swift */; };
		5B1ECC982B648C0000EFC11C /* ListPokemonMapper.swift in Sources */ = {isa = PBXBuildFile; fileRef = 5B1ECC972B648C0000EFC11C /* ListPokemonMapper.swift */; };
		5B1ECC9A2B6541AF00EFC11C /* PokemonListRepository.swift in Sources */ = {isa = PBXBuildFile; fileRef = 5B1ECC992B6541AF00EFC11C /* PokemonListRepository.swift */; };
		5B1ECC9C2B6584A900EFC11C /* PokemonDetailService.swift in Sources */ = {isa = PBXBuildFile; fileRef = 5B1ECC9B2B6584A900EFC11C /* PokemonDetailService.swift */; };
		5B1ECC9E2B65854C00EFC11C /* PokemonDetailRepository.swift in Sources */ = {isa = PBXBuildFile; fileRef = 5B1ECC9D2B65854C00EFC11C /* PokemonDetailRepository.swift */; };
		5B1ECCA02B65857700EFC11C /* DetailPokemon.swift in Sources */ = {isa = PBXBuildFile; fileRef = 5B1ECC9F2B65857700EFC11C /* DetailPokemon.swift */; };
		5B1ECCA32B659B7D00EFC11C /* GetPokemonsListUseCase.swift in Sources */ = {isa = PBXBuildFile; fileRef = 5B1ECCA22B659B7D00EFC11C /* GetPokemonsListUseCase.swift */; };
		5B1ECCA72B65A14000EFC11C /* PokemonsListView.swift in Sources */ = {isa = PBXBuildFile; fileRef = 5B1ECCA62B65A14000EFC11C /* PokemonsListView.swift */; };
		5B1ECCA92B65A1F800EFC11C /* PokemonListViewModel.swift in Sources */ = {isa = PBXBuildFile; fileRef = 5B1ECCA82B65A1F800EFC11C /* PokemonListViewModel.swift */; };
		5B1ECCAB2B65CF8C00EFC11C /* ViewState.swift in Sources */ = {isa = PBXBuildFile; fileRef = 5B1ECCAA2B65CF8C00EFC11C /* ViewState.swift */; };
		5B1ECCAD2B65D29900EFC11C /* Int+.swift in Sources */ = {isa = PBXBuildFile; fileRef = 5B1ECCAC2B65D29900EFC11C /* Int+.swift */; };
		5B1ECCAF2B65D2A600EFC11C /* URLQueryItem+.swift in Sources */ = {isa = PBXBuildFile; fileRef = 5B1ECCAE2B65D2A600EFC11C /* URLQueryItem+.swift */; };
		5B1ECCB12B65D2C200EFC11C /* PaginationQueryItem.swift in Sources */ = {isa = PBXBuildFile; fileRef = 5B1ECCB02B65D2C200EFC11C /* PaginationQueryItem.swift */; };
		5B1ECCBA2B66B0A800EFC11C /* PokemonsListItemView.swift in Sources */ = {isa = PBXBuildFile; fileRef = 5B1ECCB92B66B0A800EFC11C /* PokemonsListItemView.swift */; };
		5B1ECCBD2B66B69600EFC11C /* SDWebImageSwiftUI in Frameworks */ = {isa = PBXBuildFile; productRef = 5B1ECCBC2B66B69600EFC11C /* SDWebImageSwiftUI */; };
		5B1ECCC02B66D7D900EFC11C /* PokemonDetailView.swift in Sources */ = {isa = PBXBuildFile; fileRef = 5B1ECCBF2B66D7D900EFC11C /* PokemonDetailView.swift */; };
		5B1ECCC22B66D87A00EFC11C /* PokemonDetailViewModel.swift in Sources */ = {isa = PBXBuildFile; fileRef = 5B1ECCC12B66D87A00EFC11C /* PokemonDetailViewModel.swift */; };
		5B1ECCC42B66F47700EFC11C /* PokemonDetailSection.swift in Sources */ = {isa = PBXBuildFile; fileRef = 5B1ECCC32B66F47700EFC11C /* PokemonDetailSection.swift */; };
		5B1ECCC72B66F52900EFC11C /* DetailImagesCarouselView.swift in Sources */ = {isa = PBXBuildFile; fileRef = 5B1ECCC62B66F52900EFC11C /* DetailImagesCarouselView.swift */; };
		5B1ECCC92B66F69800EFC11C /* DetailImagesCarouselViewModel.swift in Sources */ = {isa = PBXBuildFile; fileRef = 5B1ECCC82B66F69800EFC11C /* DetailImagesCarouselViewModel.swift */; };
		5B1ECCCC2B66F80F00EFC11C /* PokemonPlaceholder.swift in Sources */ = {isa = PBXBuildFile; fileRef = 5B1ECCCB2B66F80F00EFC11C /* PokemonPlaceholder.swift */; };
		5B88CDAF2B62F00D00C59CE9 /* PokeflyApp.swift in Sources */ = {isa = PBXBuildFile; fileRef = 5B88CDAE2B62F00D00C59CE9 /* PokeflyApp.swift */; };
		5B88CDB32B62F00F00C59CE9 /* Assets.xcassets in Resources */ = {isa = PBXBuildFile; fileRef = 5B88CDB22B62F00F00C59CE9 /* Assets.xcassets */; };
		5B88CDB62B62F00F00C59CE9 /* Preview Assets.xcassets in Resources */ = {isa = PBXBuildFile; fileRef = 5B88CDB52B62F00F00C59CE9 /* Preview Assets.xcassets */; };
		5B88CDC02B62F00F00C59CE9 /* PokemonListServiceTests.swift in Sources */ = {isa = PBXBuildFile; fileRef = 5B88CDBF2B62F00F00C59CE9 /* PokemonListServiceTests.swift */; };
		5B88CDE12B6466DF00C59CE9 /* APIPokemonResponse.swift in Sources */ = {isa = PBXBuildFile; fileRef = 5B88CDE02B6466DF00C59CE9 /* APIPokemonResponse.swift */; };
		5B88CDE52B64680800C59CE9 /* APIPokemonDetail.swift in Sources */ = {isa = PBXBuildFile; fileRef = 5B88CDE42B64680800C59CE9 /* APIPokemonDetail.swift */; };
		5B88CDE92B64770200C59CE9 /* NetworkError.swift in Sources */ = {isa = PBXBuildFile; fileRef = 5B88CDE82B64770200C59CE9 /* NetworkError.swift */; };
		5B88CDED2B6478BA00C59CE9 /* URLSession+.swift in Sources */ = {isa = PBXBuildFile; fileRef = 5B88CDEC2B6478BA00C59CE9 /* URLSession+.swift */; };
		5B88CDF02B6479A000C59CE9 /* PokemonListService.swift in Sources */ = {isa = PBXBuildFile; fileRef = 5B88CDEF2B6479A000C59CE9 /* PokemonListService.swift */; };
		5B88CDF22B647B3E00C59CE9 /* URLBuilder.swift in Sources */ = {isa = PBXBuildFile; fileRef = 5B88CDF12B647B3E00C59CE9 /* URLBuilder.swift */; };
		5B88CDF72B6487E700C59CE9 /* Pokemon.swift in Sources */ = {isa = PBXBuildFile; fileRef = 5B88CDF62B6487E700C59CE9 /* Pokemon.swift */; };
		5B88CDFA2B64887700C59CE9 /* PokemonMapper.swift in Sources */ = {isa = PBXBuildFile; fileRef = 5B88CDF92B64887700C59CE9 /* PokemonMapper.swift */; };
		5B88CDFC2B64892C00C59CE9 /* DetailPokemonMapper.swift in Sources */ = {isa = PBXBuildFile; fileRef = 5B88CDFB2B64892C00C59CE9 /* DetailPokemonMapper.swift */; };
		5B88CDFE2B6489BE00C59CE9 /* ListPokemon.swift in Sources */ = {isa = PBXBuildFile; fileRef = 5B88CDFD2B6489BE00C59CE9 /* ListPokemon.swift */; };
/* End PBXBuildFile section */

/* Begin PBXContainerItemProxy section */
		5B88CDBC2B62F00F00C59CE9 /* PBXContainerItemProxy */ = {
			isa = PBXContainerItemProxy;
			containerPortal = 5B88CDA32B62F00D00C59CE9 /* Project object */;
			proxyType = 1;
			remoteGlobalIDString = 5B88CDAA2B62F00D00C59CE9;
			remoteInfo = Pokefly;
		};
/* End PBXContainerItemProxy section */

/* Begin PBXFileReference section */
		5B02978D2B670ECA00A648EB /* LaunchScreen.storyboard */ = {isa = PBXFileReference; lastKnownFileType = file.storyboard; path = LaunchScreen.storyboard; sourceTree = "<group>"; };
		5B0297942B671E5700A648EB /* TestsBundle.swift */ = {isa = PBXFileReference; lastKnownFileType = sourcecode.swift; path = TestsBundle.swift; sourceTree = "<group>"; };
		5B0297962B671E6D00A648EB /* URLSession+.swift */ = {isa = PBXFileReference; lastKnownFileType = sourcecode.swift; path = "URLSession+.swift"; sourceTree = "<group>"; };
		5B0297982B671E7900A648EB /* MockURLProtocol.swift */ = {isa = PBXFileReference; lastKnownFileType = sourcecode.swift; path = MockURLProtocol.swift; sourceTree = "<group>"; };
		5B02979A2B671E9700A648EB /* Bundle+.swift */ = {isa = PBXFileReference; lastKnownFileType = sourcecode.swift; path = "Bundle+.swift"; sourceTree = "<group>"; };
		5B02979C2B671F0F00A648EB /* StubsType.swift */ = {isa = PBXFileReference; lastKnownFileType = sourcecode.swift; path = StubsType.swift; sourceTree = "<group>"; };
		5B02979F2B67232300A648EB /* APIPokemonResponse.json */ = {isa = PBXFileReference; fileEncoding = 4; lastKnownFileType = text.json; path = APIPokemonResponse.json; sourceTree = "<group>"; };
		5B0297A12B67A33700A648EB /* MockError.swift */ = {isa = PBXFileReference; lastKnownFileType = sourcecode.swift; path = MockError.swift; sourceTree = "<group>"; };
		5B0297A32B67A40B00A648EB /* PokemonDetailServiceTests.swift */ = {isa = PBXFileReference; lastKnownFileType = sourcecode.swift; path = PokemonDetailServiceTests.swift; sourceTree = "<group>"; };
		5B0297A52B67A73400A648EB /* APIPokemonDetail.json */ = {isa = PBXFileReference; fileEncoding = 4; lastKnownFileType = text.json; path = APIPokemonDetail.json; sourceTree = "<group>"; };
		5B0297AA2B67A98200A648EB /* PokemonListServiceMock.swift */ = {isa = PBXFileReference; lastKnownFileType = sourcecode.swift; path = PokemonListServiceMock.swift; sourceTree = "<group>"; };
		5B0297AD2B67AA0E00A648EB /* PokemonListRepositoryTests.swift */ = {isa = PBXFileReference; lastKnownFileType = sourcecode.swift; path = PokemonListRepositoryTests.swift; sourceTree = "<group>"; };
		5B0297B02B67ADF900A648EB /* APIPokemonResponse+Dummy.swift */ = {isa = PBXFileReference; lastKnownFileType = sourcecode.swift; path = "APIPokemonResponse+Dummy.swift"; sourceTree = "<group>"; };
		5B0297B22B67B23E00A648EB /* PokemonDetailServiceMock.swift */ = {isa = PBXFileReference; lastKnownFileType = sourcecode.swift; path = PokemonDetailServiceMock.swift; sourceTree = "<group>"; };
		5B0297B42B67B2DB00A648EB /* PokemonDetailRepositoryTests.swift */ = {isa = PBXFileReference; lastKnownFileType = sourcecode.swift; path = PokemonDetailRepositoryTests.swift; sourceTree = "<group>"; };
		5B0297B62B67B7E700A648EB /* APIPokemonDetail+Dummy.swift */ = {isa = PBXFileReference; lastKnownFileType = sourcecode.swift; path = "APIPokemonDetail+Dummy.swift"; sourceTree = "<group>"; };
		5B1ECC972B648C0000EFC11C /* ListPokemonMapper.swift */ = {isa = PBXFileReference; lastKnownFileType = sourcecode.swift; path = ListPokemonMapper.swift; sourceTree = "<group>"; };
		5B1ECC992B6541AF00EFC11C /* PokemonListRepository.swift */ = {isa = PBXFileReference; lastKnownFileType = sourcecode.swift; path = PokemonListRepository.swift; sourceTree = "<group>"; };
		5B1ECC9B2B6584A900EFC11C /* PokemonDetailService.swift */ = {isa = PBXFileReference; lastKnownFileType = sourcecode.swift; path = PokemonDetailService.swift; sourceTree = "<group>"; };
		5B1ECC9D2B65854C00EFC11C /* PokemonDetailRepository.swift */ = {isa = PBXFileReference; lastKnownFileType = sourcecode.swift; path = PokemonDetailRepository.swift; sourceTree = "<group>"; };
		5B1ECC9F2B65857700EFC11C /* DetailPokemon.swift */ = {isa = PBXFileReference; lastKnownFileType = sourcecode.swift; path = DetailPokemon.swift; sourceTree = "<group>"; };
		5B1ECCA22B659B7D00EFC11C /* GetPokemonsListUseCase.swift */ = {isa = PBXFileReference; lastKnownFileType = sourcecode.swift; path = GetPokemonsListUseCase.swift; sourceTree = "<group>"; };
		5B1ECCA62B65A14000EFC11C /* PokemonsListView.swift */ = {isa = PBXFileReference; lastKnownFileType = sourcecode.swift; path = PokemonsListView.swift; sourceTree = "<group>"; };
		5B1ECCA82B65A1F800EFC11C /* PokemonListViewModel.swift */ = {isa = PBXFileReference; lastKnownFileType = sourcecode.swift; path = PokemonListViewModel.swift; sourceTree = "<group>"; };
		5B1ECCAA2B65CF8C00EFC11C /* ViewState.swift */ = {isa = PBXFileReference; lastKnownFileType = sourcecode.swift; path = ViewState.swift; sourceTree = "<group>"; };
		5B1ECCAC2B65D29900EFC11C /* Int+.swift */ = {isa = PBXFileReference; lastKnownFileType = sourcecode.swift; path = "Int+.swift"; sourceTree = "<group>"; };
		5B1ECCAE2B65D2A600EFC11C /* URLQueryItem+.swift */ = {isa = PBXFileReference; lastKnownFileType = sourcecode.swift; path = "URLQueryItem+.swift"; sourceTree = "<group>"; };
		5B1ECCB02B65D2C200EFC11C /* PaginationQueryItem.swift */ = {isa = PBXFileReference; lastKnownFileType = sourcecode.swift; path = PaginationQueryItem.swift; sourceTree = "<group>"; };
		5B1ECCB92B66B0A800EFC11C /* PokemonsListItemView.swift */ = {isa = PBXFileReference; lastKnownFileType = sourcecode.swift; path = PokemonsListItemView.swift; sourceTree = "<group>"; };
		5B1ECCBF2B66D7D900EFC11C /* PokemonDetailView.swift */ = {isa = PBXFileReference; lastKnownFileType = sourcecode.swift; path = PokemonDetailView.swift; sourceTree = "<group>"; };
		5B1ECCC12B66D87A00EFC11C /* PokemonDetailViewModel.swift */ = {isa = PBXFileReference; lastKnownFileType = sourcecode.swift; path = PokemonDetailViewModel.swift; sourceTree = "<group>"; };
		5B1ECCC32B66F47700EFC11C /* PokemonDetailSection.swift */ = {isa = PBXFileReference; lastKnownFileType = sourcecode.swift; path = PokemonDetailSection.swift; sourceTree = "<group>"; };
		5B1ECCC62B66F52900EFC11C /* DetailImagesCarouselView.swift */ = {isa = PBXFileReference; lastKnownFileType = sourcecode.swift; path = DetailImagesCarouselView.swift; sourceTree = "<group>"; };
		5B1ECCC82B66F69800EFC11C /* DetailImagesCarouselViewModel.swift */ = {isa = PBXFileReference; lastKnownFileType = sourcecode.swift; path = DetailImagesCarouselViewModel.swift; sourceTree = "<group>"; };
		5B1ECCCB2B66F80F00EFC11C /* PokemonPlaceholder.swift */ = {isa = PBXFileReference; lastKnownFileType = sourcecode.swift; path = PokemonPlaceholder.swift; sourceTree = "<group>"; };
		5B88CDAB2B62F00D00C59CE9 /* Pokefly.app */ = {isa = PBXFileReference; explicitFileType = wrapper.application; includeInIndex = 0; path = Pokefly.app; sourceTree = BUILT_PRODUCTS_DIR; };
		5B88CDAE2B62F00D00C59CE9 /* PokeflyApp.swift */ = {isa = PBXFileReference; lastKnownFileType = sourcecode.swift; path = PokeflyApp.swift; sourceTree = "<group>"; };
		5B88CDB22B62F00F00C59CE9 /* Assets.xcassets */ = {isa = PBXFileReference; lastKnownFileType = folder.assetcatalog; path = Assets.xcassets; sourceTree = "<group>"; };
		5B88CDB52B62F00F00C59CE9 /* Preview Assets.xcassets */ = {isa = PBXFileReference; lastKnownFileType = folder.assetcatalog; path = "Preview Assets.xcassets"; sourceTree = "<group>"; };
		5B88CDBB2B62F00F00C59CE9 /* PokeflyTests.xctest */ = {isa = PBXFileReference; explicitFileType = wrapper.cfbundle; includeInIndex = 0; path = PokeflyTests.xctest; sourceTree = BUILT_PRODUCTS_DIR; };
		5B88CDBF2B62F00F00C59CE9 /* PokemonListServiceTests.swift */ = {isa = PBXFileReference; lastKnownFileType = sourcecode.swift; path = PokemonListServiceTests.swift; sourceTree = "<group>"; };
		5B88CDE02B6466DF00C59CE9 /* APIPokemonResponse.swift */ = {isa = PBXFileReference; lastKnownFileType = sourcecode.swift; path = APIPokemonResponse.swift; sourceTree = "<group>"; };
		5B88CDE42B64680800C59CE9 /* APIPokemonDetail.swift */ = {isa = PBXFileReference; lastKnownFileType = sourcecode.swift; path = APIPokemonDetail.swift; sourceTree = "<group>"; };
		5B88CDE82B64770200C59CE9 /* NetworkError.swift */ = {isa = PBXFileReference; lastKnownFileType = sourcecode.swift; path = NetworkError.swift; sourceTree = "<group>"; };
		5B88CDEC2B6478BA00C59CE9 /* URLSession+.swift */ = {isa = PBXFileReference; lastKnownFileType = sourcecode.swift; path = "URLSession+.swift"; sourceTree = "<group>"; };
		5B88CDEF2B6479A000C59CE9 /* PokemonListService.swift */ = {isa = PBXFileReference; lastKnownFileType = sourcecode.swift; path = PokemonListService.swift; sourceTree = "<group>"; };
		5B88CDF12B647B3E00C59CE9 /* URLBuilder.swift */ = {isa = PBXFileReference; lastKnownFileType = sourcecode.swift; path = URLBuilder.swift; sourceTree = "<group>"; };
		5B88CDF62B6487E700C59CE9 /* Pokemon.swift */ = {isa = PBXFileReference; lastKnownFileType = sourcecode.swift; path = Pokemon.swift; sourceTree = "<group>"; };
		5B88CDF92B64887700C59CE9 /* PokemonMapper.swift */ = {isa = PBXFileReference; lastKnownFileType = sourcecode.swift; path = PokemonMapper.swift; sourceTree = "<group>"; };
		5B88CDFB2B64892C00C59CE9 /* DetailPokemonMapper.swift */ = {isa = PBXFileReference; lastKnownFileType = sourcecode.swift; path = DetailPokemonMapper.swift; sourceTree = "<group>"; };
		5B88CDFD2B6489BE00C59CE9 /* ListPokemon.swift */ = {isa = PBXFileReference; lastKnownFileType = sourcecode.swift; path = ListPokemon.swift; sourceTree = "<group>"; };
/* End PBXFileReference section */

/* Begin PBXFrameworksBuildPhase section */
		5B88CDA82B62F00D00C59CE9 /* Frameworks */ = {
			isa = PBXFrameworksBuildPhase;
			buildActionMask = 2147483647;
			files = (
				5B1ECCBD2B66B69600EFC11C /* SDWebImageSwiftUI in Frameworks */,
			);
			runOnlyForDeploymentPostprocessing = 0;
		};
		5B88CDB82B62F00F00C59CE9 /* Frameworks */ = {
			isa = PBXFrameworksBuildPhase;
			buildActionMask = 2147483647;
			files = (
			);
			runOnlyForDeploymentPostprocessing = 0;
		};
/* End PBXFrameworksBuildPhase section */

/* Begin PBXGroup section */
		5B0297912B671E4200A648EB /* Utilities */ = {
			isa = PBXGroup;
			children = (
				5B0297AF2B67ADDA00A648EB /* Dummies */,
				5B0297A92B67A8E900A648EB /* Mocks */,
				5B0297922B671E4A00A648EB /* Extensions */,
				5B0297932B671E4F00A648EB /* Helpers */,
				5B02979E2B6722EC00A648EB /* JSONStubs */,
			);
			path = Utilities;
			sourceTree = "<group>";
		};
		5B0297922B671E4A00A648EB /* Extensions */ = {
			isa = PBXGroup;
			children = (
				5B02979A2B671E9700A648EB /* Bundle+.swift */,
				5B0297962B671E6D00A648EB /* URLSession+.swift */,
			);
			path = Extensions;
			sourceTree = "<group>";
		};
		5B0297932B671E4F00A648EB /* Helpers */ = {
			isa = PBXGroup;
			children = (
				5B0297A12B67A33700A648EB /* MockError.swift */,
				5B0297982B671E7900A648EB /* MockURLProtocol.swift */,
				5B02979C2B671F0F00A648EB /* StubsType.swift */,
				5B0297942B671E5700A648EB /* TestsBundle.swift */,
			);
			path = Helpers;
			sourceTree = "<group>";
		};
		5B02979E2B6722EC00A648EB /* JSONStubs */ = {
			isa = PBXGroup;
			children = (
				5B0297A52B67A73400A648EB /* APIPokemonDetail.json */,
				5B02979F2B67232300A648EB /* APIPokemonResponse.json */,
			);
			path = JSONStubs;
			sourceTree = "<group>";
		};
		5B0297A72B67A88F00A648EB /* Tests */ = {
			isa = PBXGroup;
			children = (
				5B0297AC2B67A9E800A648EB /* RepositoriesTests */,
				5B0297A82B67A89600A648EB /* ServicesTests */,
			);
			path = Tests;
			sourceTree = "<group>";
		};
		5B0297A82B67A89600A648EB /* ServicesTests */ = {
			isa = PBXGroup;
			children = (
				5B0297A32B67A40B00A648EB /* PokemonDetailServiceTests.swift */,
				5B88CDBF2B62F00F00C59CE9 /* PokemonListServiceTests.swift */,
			);
			path = ServicesTests;
			sourceTree = "<group>";
		};
		5B0297A92B67A8E900A648EB /* Mocks */ = {
			isa = PBXGroup;
			children = (
				5B0297AA2B67A98200A648EB /* PokemonListServiceMock.swift */,
				5B0297B22B67B23E00A648EB /* PokemonDetailServiceMock.swift */,
			);
			path = Mocks;
			sourceTree = "<group>";
		};
		5B0297AC2B67A9E800A648EB /* RepositoriesTests */ = {
			isa = PBXGroup;
			children = (
				5B0297AD2B67AA0E00A648EB /* PokemonListRepositoryTests.swift */,
				5B0297B42B67B2DB00A648EB /* PokemonDetailRepositoryTests.swift */,
			);
			path = RepositoriesTests;
			sourceTree = "<group>";
		};
		5B0297AF2B67ADDA00A648EB /* Dummies */ = {
			isa = PBXGroup;
			children = (
				5B0297B02B67ADF900A648EB /* APIPokemonResponse+Dummy.swift */,
				5B0297B62B67B7E700A648EB /* APIPokemonDetail+Dummy.swift */,
			);
			path = Dummies;
			sourceTree = "<group>";
		};
		5B1ECCA12B659B6800EFC11C /* UseCase */ = {
			isa = PBXGroup;
			children = (
				5B1ECCA22B659B7D00EFC11C /* GetPokemonsListUseCase.swift */,
			);
			path = UseCase;
			sourceTree = "<group>";
		};
		5B1ECCA42B65A11900EFC11C /* Screens */ = {
			isa = PBXGroup;
			children = (
				5B1ECCBE2B66D7CB00EFC11C /* Detail */,
				5B1ECCA52B65A12C00EFC11C /* List */,
			);
			path = Screens;
			sourceTree = "<group>";
		};
		5B1ECCA52B65A12C00EFC11C /* List */ = {
			isa = PBXGroup;
			children = (
				5B1ECCA62B65A14000EFC11C /* PokemonsListView.swift */,
				5B1ECCA82B65A1F800EFC11C /* PokemonListViewModel.swift */,
				5B1ECCB82B66B09200EFC11C /* Views */,
			);
			path = List;
			sourceTree = "<group>";
		};
		5B1ECCB82B66B09200EFC11C /* Views */ = {
			isa = PBXGroup;
			children = (
				5B1ECCB92B66B0A800EFC11C /* PokemonsListItemView.swift */,
			);
			path = Views;
			sourceTree = "<group>";
		};
		5B1ECCBE2B66D7CB00EFC11C /* Detail */ = {
			isa = PBXGroup;
			children = (
				5B1ECCBF2B66D7D900EFC11C /* PokemonDetailView.swift */,
				5B1ECCC12B66D87A00EFC11C /* PokemonDetailViewModel.swift */,
				5B1ECCC52B66F4FA00EFC11C /* Views */,
			);
			path = Detail;
			sourceTree = "<group>";
		};
		5B1ECCC52B66F4FA00EFC11C /* Views */ = {
			isa = PBXGroup;
			children = (
				5B1ECCC62B66F52900EFC11C /* DetailImagesCarouselView.swift */,
				5B1ECCC82B66F69800EFC11C /* DetailImagesCarouselViewModel.swift */,
			);
			path = Views;
			sourceTree = "<group>";
		};
		5B1ECCCA2B66F7EF00EFC11C /* Components */ = {
			isa = PBXGroup;
			children = (
				5B1ECCCB2B66F80F00EFC11C /* PokemonPlaceholder.swift */,
			);
			path = Components;
			sourceTree = "<group>";
		};
		5B88CDA22B62F00D00C59CE9 = {
			isa = PBXGroup;
			children = (
				5B88CDAD2B62F00D00C59CE9 /* Pokefly */,
				5B88CDBE2B62F00F00C59CE9 /* PokeflyTests */,
				5B88CDAC2B62F00D00C59CE9 /* Products */,
			);
			sourceTree = "<group>";
		};
		5B88CDAC2B62F00D00C59CE9 /* Products */ = {
			isa = PBXGroup;
			children = (
				5B88CDAB2B62F00D00C59CE9 /* Pokefly.app */,
				5B88CDBB2B62F00F00C59CE9 /* PokeflyTests.xctest */,
			);
			name = Products;
			sourceTree = "<group>";
		};
		5B88CDAD2B62F00D00C59CE9 /* Pokefly */ = {
			isa = PBXGroup;
			children = (
				5B88CDEA2B6478A200C59CE9 /* Common */,
				5B88CDDE2B64660100C59CE9 /* Core */,
				5B1ECCA42B65A11900EFC11C /* Screens */,
				5B88CDAE2B62F00D00C59CE9 /* PokeflyApp.swift */,
				5B88CDB22B62F00F00C59CE9 /* Assets.xcassets */,
				5B88CDB42B62F00F00C59CE9 /* Preview Content */,
				5B02978D2B670ECA00A648EB /* LaunchScreen.storyboard */,
			);
			path = Pokefly;
			sourceTree = "<group>";
		};
		5B88CDB42B62F00F00C59CE9 /* Preview Content */ = {
			isa = PBXGroup;
			children = (
				5B88CDB52B62F00F00C59CE9 /* Preview Assets.xcassets */,
			);
			path = "Preview Content";
			sourceTree = "<group>";
		};
		5B88CDBE2B62F00F00C59CE9 /* PokeflyTests */ = {
			isa = PBXGroup;
			children = (
				5B0297A72B67A88F00A648EB /* Tests */,
				5B0297912B671E4200A648EB /* Utilities */,
			);
			path = PokeflyTests;
			sourceTree = "<group>";
		};
		5B88CDDE2B64660100C59CE9 /* Core */ = {
			isa = PBXGroup;
			children = (
				5B88CDE62B64758F00C59CE9 /* Data */,
				5B88CDF32B6487A600C59CE9 /* Domain */,
			);
			path = Core;
			sourceTree = "<group>";
		};
		5B88CDDF2B64660F00C59CE9 /* Models */ = {
			isa = PBXGroup;
			children = (
				5B88CDE42B64680800C59CE9 /* APIPokemonDetail.swift */,
				5B88CDE02B6466DF00C59CE9 /* APIPokemonResponse.swift */,
			);
			path = Models;
			sourceTree = "<group>";
		};
		5B88CDE62B64758F00C59CE9 /* Data */ = {
			isa = PBXGroup;
			children = (
				5B88CDDF2B64660F00C59CE9 /* Models */,
				5B88CDE72B64759500C59CE9 /* Services */,
			);
			path = Data;
			sourceTree = "<group>";
		};
		5B88CDE72B64759500C59CE9 /* Services */ = {
			isa = PBXGroup;
			children = (
				5B88CDEF2B6479A000C59CE9 /* PokemonListService.swift */,
				5B1ECC9B2B6584A900EFC11C /* PokemonDetailService.swift */,
			);
			path = Services;
			sourceTree = "<group>";
		};
		5B88CDEA2B6478A200C59CE9 /* Common */ = {
			isa = PBXGroup;
			children = (
				5B1ECCCA2B66F7EF00EFC11C /* Components */,
				5B88CDEB2B6478A700C59CE9 /* Extensions */,
				5B88CDEE2B6478E500C59CE9 /* Helpers */,
			);
			path = Common;
			sourceTree = "<group>";
		};
		5B88CDEB2B6478A700C59CE9 /* Extensions */ = {
			isa = PBXGroup;
			children = (
				5B1ECCAC2B65D29900EFC11C /* Int+.swift */,
				5B88CDEC2B6478BA00C59CE9 /* URLSession+.swift */,
				5B1ECCAE2B65D2A600EFC11C /* URLQueryItem+.swift */,
			);
			path = Extensions;
			sourceTree = "<group>";
		};
		5B88CDEE2B6478E500C59CE9 /* Helpers */ = {
			isa = PBXGroup;
			children = (
				5B88CDE82B64770200C59CE9 /* NetworkError.swift */,
				5B1ECCB02B65D2C200EFC11C /* PaginationQueryItem.swift */,
				5B1ECCC32B66F47700EFC11C /* PokemonDetailSection.swift */,
				5B88CDF12B647B3E00C59CE9 /* URLBuilder.swift */,
				5B1ECCAA2B65CF8C00EFC11C /* ViewState.swift */,
			);
			path = Helpers;
			sourceTree = "<group>";
		};
		5B88CDF32B6487A600C59CE9 /* Domain */ = {
			isa = PBXGroup;
			children = (
				5B88CDF82B64886D00C59CE9 /* Mappers */,
				5B88CDF42B6487AE00C59CE9 /* Models */,
				5B88CDF52B6487B400C59CE9 /* Repositories */,
				5B1ECCA12B659B6800EFC11C /* UseCase */,
			);
			path = Domain;
			sourceTree = "<group>";
		};
		5B88CDF42B6487AE00C59CE9 /* Models */ = {
			isa = PBXGroup;
			children = (
				5B1ECC9F2B65857700EFC11C /* DetailPokemon.swift */,
				5B88CDFD2B6489BE00C59CE9 /* ListPokemon.swift */,
				5B88CDF62B6487E700C59CE9 /* Pokemon.swift */,
			);
			path = Models;
			sourceTree = "<group>";
		};
		5B88CDF52B6487B400C59CE9 /* Repositories */ = {
			isa = PBXGroup;
			children = (
				5B1ECC992B6541AF00EFC11C /* PokemonListRepository.swift */,
				5B1ECC9D2B65854C00EFC11C /* PokemonDetailRepository.swift */,
			);
			path = Repositories;
			sourceTree = "<group>";
		};
		5B88CDF82B64886D00C59CE9 /* Mappers */ = {
			isa = PBXGroup;
			children = (
				5B88CDFB2B64892C00C59CE9 /* DetailPokemonMapper.swift */,
				5B1ECC972B648C0000EFC11C /* ListPokemonMapper.swift */,
				5B88CDF92B64887700C59CE9 /* PokemonMapper.swift */,
			);
			path = Mappers;
			sourceTree = "<group>";
		};
/* End PBXGroup section */

/* Begin PBXNativeTarget section */
		5B88CDAA2B62F00D00C59CE9 /* Pokefly */ = {
			isa = PBXNativeTarget;
			buildConfigurationList = 5B88CDCF2B62F00F00C59CE9 /* Build configuration list for PBXNativeTarget "Pokefly" */;
			buildPhases = (
				5B88CDA72B62F00D00C59CE9 /* Sources */,
				5B88CDA82B62F00D00C59CE9 /* Frameworks */,
				5B88CDA92B62F00D00C59CE9 /* Resources */,
			);
			buildRules = (
			);
			dependencies = (
			);
			name = Pokefly;
			packageProductDependencies = (
				5B1ECCBC2B66B69600EFC11C /* SDWebImageSwiftUI */,
			);
			productName = Pokefly;
			productReference = 5B88CDAB2B62F00D00C59CE9 /* Pokefly.app */;
			productType = "com.apple.product-type.application";
		};
		5B88CDBA2B62F00F00C59CE9 /* PokeflyTests */ = {
			isa = PBXNativeTarget;
			buildConfigurationList = 5B88CDD22B62F00F00C59CE9 /* Build configuration list for PBXNativeTarget "PokeflyTests" */;
			buildPhases = (
				5B88CDB72B62F00F00C59CE9 /* Sources */,
				5B88CDB82B62F00F00C59CE9 /* Frameworks */,
				5B88CDB92B62F00F00C59CE9 /* Resources */,
			);
			buildRules = (
			);
			dependencies = (
				5B88CDBD2B62F00F00C59CE9 /* PBXTargetDependency */,
			);
			name = PokeflyTests;
			productName = PokeflyTests;
			productReference = 5B88CDBB2B62F00F00C59CE9 /* PokeflyTests.xctest */;
			productType = "com.apple.product-type.bundle.unit-test";
		};
/* End PBXNativeTarget section */

/* Begin PBXProject section */
		5B88CDA32B62F00D00C59CE9 /* Project object */ = {
			isa = PBXProject;
			attributes = {
				BuildIndependentTargetsInParallel = 1;
				LastSwiftUpdateCheck = 1510;
				LastUpgradeCheck = 1510;
				TargetAttributes = {
					5B88CDAA2B62F00D00C59CE9 = {
						CreatedOnToolsVersion = 15.1;
					};
					5B88CDBA2B62F00F00C59CE9 = {
						CreatedOnToolsVersion = 15.1;
						TestTargetID = 5B88CDAA2B62F00D00C59CE9;
					};
				};
			};
			buildConfigurationList = 5B88CDA62B62F00D00C59CE9 /* Build configuration list for PBXProject "Pokefly" */;
			compatibilityVersion = "Xcode 14.0";
			developmentRegion = en;
			hasScannedForEncodings = 0;
			knownRegions = (
				en,
				Base,
			);
			mainGroup = 5B88CDA22B62F00D00C59CE9;
			packageReferences = (
				5B1ECCBB2B66B69600EFC11C /* XCRemoteSwiftPackageReference "SDWebImageSwiftUI" */,
			);
			productRefGroup = 5B88CDAC2B62F00D00C59CE9 /* Products */;
			projectDirPath = "";
			projectRoot = "";
			targets = (
				5B88CDAA2B62F00D00C59CE9 /* Pokefly */,
				5B88CDBA2B62F00F00C59CE9 /* PokeflyTests */,
			);
		};
/* End PBXProject section */

/* Begin PBXResourcesBuildPhase section */
		5B88CDA92B62F00D00C59CE9 /* Resources */ = {
			isa = PBXResourcesBuildPhase;
			buildActionMask = 2147483647;
			files = (
				5B02978E2B670ECA00A648EB /* LaunchScreen.storyboard in Resources */,
				5B88CDB62B62F00F00C59CE9 /* Preview Assets.xcassets in Resources */,
				5B88CDB32B62F00F00C59CE9 /* Assets.xcassets in Resources */,
			);
			runOnlyForDeploymentPostprocessing = 0;
		};
		5B88CDB92B62F00F00C59CE9 /* Resources */ = {
			isa = PBXResourcesBuildPhase;
			buildActionMask = 2147483647;
			files = (
				5B0297A02B67232300A648EB /* APIPokemonResponse.json in Resources */,
				5B0297A62B67A73400A648EB /* APIPokemonDetail.json in Resources */,
			);
			runOnlyForDeploymentPostprocessing = 0;
		};
/* End PBXResourcesBuildPhase section */

/* Begin PBXSourcesBuildPhase section */
		5B88CDA72B62F00D00C59CE9 /* Sources */ = {
			isa = PBXSourcesBuildPhase;
			buildActionMask = 2147483647;
			files = (
				5B1ECCA72B65A14000EFC11C /* PokemonsListView.swift in Sources */,
				5B88CDF02B6479A000C59CE9 /* PokemonListService.swift in Sources */,
				5B1ECCAB2B65CF8C00EFC11C /* ViewState.swift in Sources */,
				5B88CDE12B6466DF00C59CE9 /* APIPokemonResponse.swift in Sources */,
				5B88CDED2B6478BA00C59CE9 /* URLSession+.swift in Sources */,
				5B1ECCAD2B65D29900EFC11C /* Int+.swift in Sources */,
				5B1ECCC92B66F69800EFC11C /* DetailImagesCarouselViewModel.swift in Sources */,
				5B1ECCC02B66D7D900EFC11C /* PokemonDetailView.swift in Sources */,
				5B1ECC9E2B65854C00EFC11C /* PokemonDetailRepository.swift in Sources */,
				5B88CDE92B64770200C59CE9 /* NetworkError.swift in Sources */,
				5B88CDFE2B6489BE00C59CE9 /* ListPokemon.swift in Sources */,
				5B1ECCC42B66F47700EFC11C /* PokemonDetailSection.swift in Sources */,
				5B88CDFC2B64892C00C59CE9 /* DetailPokemonMapper.swift in Sources */,
				5B1ECCA32B659B7D00EFC11C /* GetPokemonsListUseCase.swift in Sources */,
				5B1ECCAF2B65D2A600EFC11C /* URLQueryItem+.swift in Sources */,
				5B1ECCA02B65857700EFC11C /* DetailPokemon.swift in Sources */,
				5B1ECC9C2B6584A900EFC11C /* PokemonDetailService.swift in Sources */,
				5B88CDF72B6487E700C59CE9 /* Pokemon.swift in Sources */,
				5B1ECCBA2B66B0A800EFC11C /* PokemonsListItemView.swift in Sources */,
				5B1ECCCC2B66F80F00EFC11C /* PokemonPlaceholder.swift in Sources */,
				5B88CDF22B647B3E00C59CE9 /* URLBuilder.swift in Sources */,
				5B1ECCC72B66F52900EFC11C /* DetailImagesCarouselView.swift in Sources */,
				5B1ECC9A2B6541AF00EFC11C /* PokemonListRepository.swift in Sources */,
				5B88CDE52B64680800C59CE9 /* APIPokemonDetail.swift in Sources */,
				5B1ECCB12B65D2C200EFC11C /* PaginationQueryItem.swift in Sources */,
				5B1ECC982B648C0000EFC11C /* ListPokemonMapper.swift in Sources */,
				5B88CDFA2B64887700C59CE9 /* PokemonMapper.swift in Sources */,
				5B1ECCC22B66D87A00EFC11C /* PokemonDetailViewModel.swift in Sources */,
				5B1ECCA92B65A1F800EFC11C /* PokemonListViewModel.swift in Sources */,
				5B88CDAF2B62F00D00C59CE9 /* PokeflyApp.swift in Sources */,
			);
			runOnlyForDeploymentPostprocessing = 0;
		};
		5B88CDB72B62F00F00C59CE9 /* Sources */ = {
			isa = PBXSourcesBuildPhase;
			buildActionMask = 2147483647;
			files = (
				5B0297A42B67A40B00A648EB /* PokemonDetailServiceTests.swift in Sources */,
				5B0297952B671E5700A648EB /* TestsBundle.swift in Sources */,
				5B0297B72B67B7E700A648EB /* APIPokemonDetail+Dummy.swift in Sources */,
				5B0297AE2B67AA0E00A648EB /* PokemonListRepositoryTests.swift in Sources */,
				5B0297AB2B67A98200A648EB /* PokemonListServiceMock.swift in Sources */,
				5B0297992B671E7900A648EB /* MockURLProtocol.swift in Sources */,
				5B0297B52B67B2DB00A648EB /* PokemonDetailRepositoryTests.swift in Sources */,
				5B02979B2B671E9700A648EB /* Bundle+.swift in Sources */,
				5B0297972B671E6D00A648EB /* URLSession+.swift in Sources */,
				5B88CDC02B62F00F00C59CE9 /* PokemonListServiceTests.swift in Sources */,
				5B0297B32B67B23E00A648EB /* PokemonDetailServiceMock.swift in Sources */,
				5B0297A22B67A33700A648EB /* MockError.swift in Sources */,
				5B02979D2B671F0F00A648EB /* StubsType.swift in Sources */,
				5B0297B12B67ADF900A648EB /* APIPokemonResponse+Dummy.swift in Sources */,
			);
			runOnlyForDeploymentPostprocessing = 0;
		};
/* End PBXSourcesBuildPhase section */

/* Begin PBXTargetDependency section */
		5B88CDBD2B62F00F00C59CE9 /* PBXTargetDependency */ = {
			isa = PBXTargetDependency;
			target = 5B88CDAA2B62F00D00C59CE9 /* Pokefly */;
			targetProxy = 5B88CDBC2B62F00F00C59CE9 /* PBXContainerItemProxy */;
		};
/* End PBXTargetDependency section */

/* Begin XCBuildConfiguration section */
		5B88CDCD2B62F00F00C59CE9 /* Debug */ = {
			isa = XCBuildConfiguration;
			buildSettings = {
				ALWAYS_SEARCH_USER_PATHS = NO;
				ASSETCATALOG_COMPILER_GENERATE_SWIFT_ASSET_SYMBOL_EXTENSIONS = YES;
				CLANG_ANALYZER_NONNULL = YES;
				CLANG_ANALYZER_NUMBER_OBJECT_CONVERSION = YES_AGGRESSIVE;
				CLANG_CXX_LANGUAGE_STANDARD = "gnu++20";
				CLANG_ENABLE_MODULES = YES;
				CLANG_ENABLE_OBJC_ARC = YES;
				CLANG_ENABLE_OBJC_WEAK = YES;
				CLANG_WARN_BLOCK_CAPTURE_AUTORELEASING = YES;
				CLANG_WARN_BOOL_CONVERSION = YES;
				CLANG_WARN_COMMA = YES;
				CLANG_WARN_CONSTANT_CONVERSION = YES;
				CLANG_WARN_DEPRECATED_OBJC_IMPLEMENTATIONS = YES;
				CLANG_WARN_DIRECT_OBJC_ISA_USAGE = YES_ERROR;
				CLANG_WARN_DOCUMENTATION_COMMENTS = YES;
				CLANG_WARN_EMPTY_BODY = YES;
				CLANG_WARN_ENUM_CONVERSION = YES;
				CLANG_WARN_INFINITE_RECURSION = YES;
				CLANG_WARN_INT_CONVERSION = YES;
				CLANG_WARN_NON_LITERAL_NULL_CONVERSION = YES;
				CLANG_WARN_OBJC_IMPLICIT_RETAIN_SELF = YES;
				CLANG_WARN_OBJC_LITERAL_CONVERSION = YES;
				CLANG_WARN_OBJC_ROOT_CLASS = YES_ERROR;
				CLANG_WARN_QUOTED_INCLUDE_IN_FRAMEWORK_HEADER = YES;
				CLANG_WARN_RANGE_LOOP_ANALYSIS = YES;
				CLANG_WARN_STRICT_PROTOTYPES = YES;
				CLANG_WARN_SUSPICIOUS_MOVE = YES;
				CLANG_WARN_UNGUARDED_AVAILABILITY = YES_AGGRESSIVE;
				CLANG_WARN_UNREACHABLE_CODE = YES;
				CLANG_WARN__DUPLICATE_METHOD_MATCH = YES;
				COPY_PHASE_STRIP = NO;
				DEBUG_INFORMATION_FORMAT = dwarf;
				ENABLE_STRICT_OBJC_MSGSEND = YES;
				ENABLE_TESTABILITY = YES;
				ENABLE_USER_SCRIPT_SANDBOXING = YES;
				GCC_C_LANGUAGE_STANDARD = gnu17;
				GCC_DYNAMIC_NO_PIC = NO;
				GCC_NO_COMMON_BLOCKS = YES;
				GCC_OPTIMIZATION_LEVEL = 0;
				GCC_PREPROCESSOR_DEFINITIONS = (
					"DEBUG=1",
					"$(inherited)",
				);
				GCC_WARN_64_TO_32_BIT_CONVERSION = YES;
				GCC_WARN_ABOUT_RETURN_TYPE = YES_ERROR;
				GCC_WARN_UNDECLARED_SELECTOR = YES;
				GCC_WARN_UNINITIALIZED_AUTOS = YES_AGGRESSIVE;
				GCC_WARN_UNUSED_FUNCTION = YES;
				GCC_WARN_UNUSED_VARIABLE = YES;
				IPHONEOS_DEPLOYMENT_TARGET = 17.2;
				LOCALIZATION_PREFERS_STRING_CATALOGS = YES;
				MTL_ENABLE_DEBUG_INFO = INCLUDE_SOURCE;
				MTL_FAST_MATH = YES;
				ONLY_ACTIVE_ARCH = YES;
				SDKROOT = iphoneos;
				SWIFT_ACTIVE_COMPILATION_CONDITIONS = "DEBUG $(inherited)";
				SWIFT_OPTIMIZATION_LEVEL = "-Onone";
			};
			name = Debug;
		};
		5B88CDCE2B62F00F00C59CE9 /* Release */ = {
			isa = XCBuildConfiguration;
			buildSettings = {
				ALWAYS_SEARCH_USER_PATHS = NO;
				ASSETCATALOG_COMPILER_GENERATE_SWIFT_ASSET_SYMBOL_EXTENSIONS = YES;
				CLANG_ANALYZER_NONNULL = YES;
				CLANG_ANALYZER_NUMBER_OBJECT_CONVERSION = YES_AGGRESSIVE;
				CLANG_CXX_LANGUAGE_STANDARD = "gnu++20";
				CLANG_ENABLE_MODULES = YES;
				CLANG_ENABLE_OBJC_ARC = YES;
				CLANG_ENABLE_OBJC_WEAK = YES;
				CLANG_WARN_BLOCK_CAPTURE_AUTORELEASING = YES;
				CLANG_WARN_BOOL_CONVERSION = YES;
				CLANG_WARN_COMMA = YES;
				CLANG_WARN_CONSTANT_CONVERSION = YES;
				CLANG_WARN_DEPRECATED_OBJC_IMPLEMENTATIONS = YES;
				CLANG_WARN_DIRECT_OBJC_ISA_USAGE = YES_ERROR;
				CLANG_WARN_DOCUMENTATION_COMMENTS = YES;
				CLANG_WARN_EMPTY_BODY = YES;
				CLANG_WARN_ENUM_CONVERSION = YES;
				CLANG_WARN_INFINITE_RECURSION = YES;
				CLANG_WARN_INT_CONVERSION = YES;
				CLANG_WARN_NON_LITERAL_NULL_CONVERSION = YES;
				CLANG_WARN_OBJC_IMPLICIT_RETAIN_SELF = YES;
				CLANG_WARN_OBJC_LITERAL_CONVERSION = YES;
				CLANG_WARN_OBJC_ROOT_CLASS = YES_ERROR;
				CLANG_WARN_QUOTED_INCLUDE_IN_FRAMEWORK_HEADER = YES;
				CLANG_WARN_RANGE_LOOP_ANALYSIS = YES;
				CLANG_WARN_STRICT_PROTOTYPES = YES;
				CLANG_WARN_SUSPICIOUS_MOVE = YES;
				CLANG_WARN_UNGUARDED_AVAILABILITY = YES_AGGRESSIVE;
				CLANG_WARN_UNREACHABLE_CODE = YES;
				CLANG_WARN__DUPLICATE_METHOD_MATCH = YES;
				COPY_PHASE_STRIP = NO;
				DEBUG_INFORMATION_FORMAT = "dwarf-with-dsym";
				ENABLE_NS_ASSERTIONS = NO;
				ENABLE_STRICT_OBJC_MSGSEND = YES;
				ENABLE_USER_SCRIPT_SANDBOXING = YES;
				GCC_C_LANGUAGE_STANDARD = gnu17;
				GCC_NO_COMMON_BLOCKS = YES;
				GCC_WARN_64_TO_32_BIT_CONVERSION = YES;
				GCC_WARN_ABOUT_RETURN_TYPE = YES_ERROR;
				GCC_WARN_UNDECLARED_SELECTOR = YES;
				GCC_WARN_UNINITIALIZED_AUTOS = YES_AGGRESSIVE;
				GCC_WARN_UNUSED_FUNCTION = YES;
				GCC_WARN_UNUSED_VARIABLE = YES;
				IPHONEOS_DEPLOYMENT_TARGET = 17.2;
				LOCALIZATION_PREFERS_STRING_CATALOGS = YES;
				MTL_ENABLE_DEBUG_INFO = NO;
				MTL_FAST_MATH = YES;
				SDKROOT = iphoneos;
				SWIFT_COMPILATION_MODE = wholemodule;
				VALIDATE_PRODUCT = YES;
			};
			name = Release;
		};
		5B88CDD02B62F00F00C59CE9 /* Debug */ = {
			isa = XCBuildConfiguration;
			buildSettings = {
				ASSETCATALOG_COMPILER_APPICON_NAME = AppIcon;
				ASSETCATALOG_COMPILER_GLOBAL_ACCENT_COLOR_NAME = AccentColor;
				CODE_SIGN_STYLE = Automatic;
				CURRENT_PROJECT_VERSION = 1;
				DEVELOPMENT_ASSET_PATHS = "\"Pokefly/Preview Content\"";
				DEVELOPMENT_TEAM = QAV5LTYADS;
				ENABLE_PREVIEWS = YES;
				GENERATE_INFOPLIST_FILE = YES;
				INFOPLIST_KEY_UIApplicationSceneManifest_Generation = YES;
				INFOPLIST_KEY_UIApplicationSupportsIndirectInputEvents = YES;
				INFOPLIST_KEY_UILaunchScreen_Generation = YES;
				INFOPLIST_KEY_UILaunchStoryboardName = LaunchScreen.storyboard;
				INFOPLIST_KEY_UISupportedInterfaceOrientations_iPad = "UIInterfaceOrientationPortrait UIInterfaceOrientationPortraitUpsideDown UIInterfaceOrientationLandscapeLeft UIInterfaceOrientationLandscapeRight";
				INFOPLIST_KEY_UISupportedInterfaceOrientations_iPhone = "UIInterfaceOrientationPortrait UIInterfaceOrientationLandscapeLeft UIInterfaceOrientationLandscapeRight";
				LD_RUNPATH_SEARCH_PATHS = (
					"$(inherited)",
					"@executable_path/Frameworks",
				);
				MARKETING_VERSION = 1.0;
				PRODUCT_BUNDLE_IDENTIFIER = com.holafly.Pokefly;
				PRODUCT_NAME = "$(TARGET_NAME)";
				SWIFT_EMIT_LOC_STRINGS = YES;
				SWIFT_VERSION = 5.0;
				TARGETED_DEVICE_FAMILY = "1,2";
			};
			name = Debug;
		};
		5B88CDD12B62F00F00C59CE9 /* Release */ = {
			isa = XCBuildConfiguration;
			buildSettings = {
				ASSETCATALOG_COMPILER_APPICON_NAME = AppIcon;
				ASSETCATALOG_COMPILER_GLOBAL_ACCENT_COLOR_NAME = AccentColor;
				CODE_SIGN_STYLE = Automatic;
				CURRENT_PROJECT_VERSION = 1;
				DEVELOPMENT_ASSET_PATHS = "\"Pokefly/Preview Content\"";
				DEVELOPMENT_TEAM = QAV5LTYADS;
				ENABLE_PREVIEWS = YES;
				GENERATE_INFOPLIST_FILE = YES;
				INFOPLIST_KEY_UIApplicationSceneManifest_Generation = YES;
				INFOPLIST_KEY_UIApplicationSupportsIndirectInputEvents = YES;
				INFOPLIST_KEY_UILaunchScreen_Generation = YES;
				INFOPLIST_KEY_UILaunchStoryboardName = LaunchScreen.storyboard;
				INFOPLIST_KEY_UISupportedInterfaceOrientations_iPad = "UIInterfaceOrientationPortrait UIInterfaceOrientationPortraitUpsideDown UIInterfaceOrientationLandscapeLeft UIInterfaceOrientationLandscapeRight";
				INFOPLIST_KEY_UISupportedInterfaceOrientations_iPhone = "UIInterfaceOrientationPortrait UIInterfaceOrientationLandscapeLeft UIInterfaceOrientationLandscapeRight";
				LD_RUNPATH_SEARCH_PATHS = (
					"$(inherited)",
					"@executable_path/Frameworks",
				);
				MARKETING_VERSION = 1.0;
				PRODUCT_BUNDLE_IDENTIFIER = com.holafly.Pokefly;
				PRODUCT_NAME = "$(TARGET_NAME)";
				SWIFT_EMIT_LOC_STRINGS = YES;
				SWIFT_VERSION = 5.0;
				TARGETED_DEVICE_FAMILY = "1,2";
			};
			name = Release;
		};
		5B88CDD32B62F00F00C59CE9 /* Debug */ = {
			isa = XCBuildConfiguration;
			buildSettings = {
				ALWAYS_EMBED_SWIFT_STANDARD_LIBRARIES = YES;
				BUNDLE_LOADER = "$(TEST_HOST)";
				CODE_SIGN_STYLE = Automatic;
				CURRENT_PROJECT_VERSION = 1;
				DEVELOPMENT_TEAM = QAV5LTYADS;
				GENERATE_INFOPLIST_FILE = YES;
				IPHONEOS_DEPLOYMENT_TARGET = 17.2;
				MARKETING_VERSION = 1.0;
				PRODUCT_BUNDLE_IDENTIFIER = com.holafly.PokeflyTests;
				PRODUCT_NAME = "$(TARGET_NAME)";
				SWIFT_EMIT_LOC_STRINGS = NO;
				SWIFT_VERSION = 5.0;
				TARGETED_DEVICE_FAMILY = "1,2";
				TEST_HOST = "$(BUILT_PRODUCTS_DIR)/Pokefly.app/$(BUNDLE_EXECUTABLE_FOLDER_PATH)/Pokefly";
			};
			name = Debug;
		};
		5B88CDD42B62F00F00C59CE9 /* Release */ = {
			isa = XCBuildConfiguration;
			buildSettings = {
				ALWAYS_EMBED_SWIFT_STANDARD_LIBRARIES = YES;
				BUNDLE_LOADER = "$(TEST_HOST)";
				CODE_SIGN_STYLE = Automatic;
				CURRENT_PROJECT_VERSION = 1;
				DEVELOPMENT_TEAM = QAV5LTYADS;
				GENERATE_INFOPLIST_FILE = YES;
				IPHONEOS_DEPLOYMENT_TARGET = 17.2;
				MARKETING_VERSION = 1.0;
				PRODUCT_BUNDLE_IDENTIFIER = com.holafly.PokeflyTests;
				PRODUCT_NAME = "$(TARGET_NAME)";
				SWIFT_EMIT_LOC_STRINGS = NO;
				SWIFT_VERSION = 5.0;
				TARGETED_DEVICE_FAMILY = "1,2";
				TEST_HOST = "$(BUILT_PRODUCTS_DIR)/Pokefly.app/$(BUNDLE_EXECUTABLE_FOLDER_PATH)/Pokefly";
			};
			name = Release;
		};
/* End XCBuildConfiguration section */

/* Begin XCConfigurationList section */
		5B88CDA62B62F00D00C59CE9 /* Build configuration list for PBXProject "Pokefly" */ = {
			isa = XCConfigurationList;
			buildConfigurations = (
				5B88CDCD2B62F00F00C59CE9 /* Debug */,
				5B88CDCE2B62F00F00C59CE9 /* Release */,
			);
			defaultConfigurationIsVisible = 0;
			defaultConfigurationName = Release;
		};
		5B88CDCF2B62F00F00C59CE9 /* Build configuration list for PBXNativeTarget "Pokefly" */ = {
			isa = XCConfigurationList;
			buildConfigurations = (
				5B88CDD02B62F00F00C59CE9 /* Debug */,
				5B88CDD12B62F00F00C59CE9 /* Release */,
			);
			defaultConfigurationIsVisible = 0;
			defaultConfigurationName = Release;
		};
		5B88CDD22B62F00F00C59CE9 /* Build configuration list for PBXNativeTarget "PokeflyTests" */ = {
			isa = XCConfigurationList;
			buildConfigurations = (
				5B88CDD32B62F00F00C59CE9 /* Debug */,
				5B88CDD42B62F00F00C59CE9 /* Release */,
			);
			defaultConfigurationIsVisible = 0;
			defaultConfigurationName = Release;
		};
/* End XCConfigurationList section */

/* Begin XCRemoteSwiftPackageReference section */
		5B1ECCBB2B66B69600EFC11C /* XCRemoteSwiftPackageReference "SDWebImageSwiftUI" */ = {
			isa = XCRemoteSwiftPackageReference;
			repositoryURL = "https://github.com/SDWebImage/SDWebImageSwiftUI.git";
			requirement = {
				kind = upToNextMajorVersion;
				minimumVersion = 2.2.6;
			};
		};
/* End XCRemoteSwiftPackageReference section */

/* Begin XCSwiftPackageProductDependency section */
		5B1ECCBC2B66B69600EFC11C /* SDWebImageSwiftUI */ = {
			isa = XCSwiftPackageProductDependency;
			package = 5B1ECCBB2B66B69600EFC11C /* XCRemoteSwiftPackageReference "SDWebImageSwiftUI" */;
			productName = SDWebImageSwiftUI;
		};
/* End XCSwiftPackageProductDependency section */
	};
	rootObject = 5B88CDA32B62F00D00C59CE9 /* Project object */;
}
